
Microsoft Visual Studio Solution File, Format Version 12.00
# Visual Studio Version 17
VisualStudioVersion = 17.7.34031.279
MinimumVisualStudioVersion = 10.0.40219.1
Project("{FAE04EC0-301F-11D3-BF4B-00C04F79EFBC}") = "Perfume_Store", "Perfume_Store.csproj", "{7382E70A-C560-47CE-9A6D-793CC2303978}"
EndProject
Global
	GlobalSection(SolutionConfigurationPlatforms) = preSolution
		Debug|Any CPU = Debug|Any CPU
		Release|Any CPU = Release|Any CPU
	EndGlobalSection
	GlobalSection(ProjectConfigurationPlatforms) = postSolution
		{7382E70A-C560-47CE-9A6D-793CC2303978}.Debug|Any CPU.ActiveCfg = Debug|Any CPU
		{7382E70A-C560-47CE-9A6D-793CC2303978}.Debug|Any CPU.Build.0 = Debug|Any CPU
		{7382E70A-C560-47CE-9A6D-793CC2303978}.Release|Any CPU.ActiveCfg = Release|Any CPU
		{7382E70A-C560-47CE-9A6D-793CC2303978}.Release|Any CPU.Build.0 = Release|Any CPU
	EndGlobalSection
	GlobalSection(SolutionProperties) = preSolution
		HideSolutionNode = FALSE
	EndGlobalSection
	GlobalSection(ExtensibilityGlobals) = postSolution
		SolutionGuid = {19E457BC-CBCF-484A-BE5E-EAE87BDD8521}
	EndGlobalSection
EndGlobal
